{
  "name": "ch11",
  "version": "1.0.0",
  "lockfileVersion": 1,
  "requires": true,
  "dependencies": {
    "@assemblyscript/loader": {
      "version": "0.19.9",
      "resolved": "https://registry.npmjs.org/@assemblyscript/loader/-/loader-0.19.9.tgz",
      "integrity": "sha512-AL39UxO+LkYDXtxFTyJP1UVJYIgqVHTbwk9BMPZjoiNxPP/kxDP+LmHxkr1Pm6goR1QbnF69mn5NMuiLTde0mA=="
    }
  }
}
